
Microsoft Visual Studio Solution File, Format Version 12.00
# Visual Studio 15
VisualStudioVersion = 15.0.26730.12
MinimumVisualStudioVersion = 10.0.40219.1
Project("{FAE04EC0-301F-11D3-BF4B-00C04F79EFBC}") = "01.Count Real Numbers", "01.Count Real Numbers\01.Count Real Numbers.csproj", "{8E3294FF-5BF4-47AD-ACCE-CE1187965156}"
EndProject
Project("{FAE04EC0-301F-11D3-BF4B-00C04F79EFBC}") = "02.Odd Occurrences", "02.Odd Occurrences\02.Odd Occurrences.csproj", "{A992C03A-5D91-4E01-A7AD-C9B6EDC188A2}"
EndProject
Project("{FAE04EC0-301F-11D3-BF4B-00C04F79EFBC}") = "03.Sum, Min, Max, Average", "03.Sum, Min, Max, Average\03.Sum, Min, Max, Average.csproj", "{0810097E-182F-4484-9821-A04A3F734594}"
EndProject
Global
	GlobalSection(SolutionConfigurationPlatforms) = preSolution
		Debug|Any CPU = Debug|Any CPU
		Release|Any CPU = Release|Any CPU
	EndGlobalSection
	GlobalSection(ProjectConfigurationPlatforms) = postSolution
		{8E3294FF-5BF4-47AD-ACCE-CE1187965156}.Debug|Any CPU.ActiveCfg = Debug|Any CPU
		{8E3294FF-5BF4-47AD-ACCE-CE1187965156}.Debug|Any CPU.Build.0 = Debug|Any CPU
		{8E3294FF-5BF4-47AD-ACCE-CE1187965156}.Release|Any CPU.ActiveCfg = Release|Any CPU
		{8E3294FF-5BF4-47AD-ACCE-CE1187965156}.Release|Any CPU.Build.0 = Release|Any CPU
		{A992C03A-5D91-4E01-A7AD-C9B6EDC188A2}.Debug|Any CPU.ActiveCfg = Debug|Any CPU
		{A992C03A-5D91-4E01-A7AD-C9B6EDC188A2}.Debug|Any CPU.Build.0 = Debug|Any CPU
		{A992C03A-5D91-4E01-A7AD-C9B6EDC188A2}.Release|Any CPU.ActiveCfg = Release|Any CPU
		{A992C03A-5D91-4E01-A7AD-C9B6EDC188A2}.Release|Any CPU.Build.0 = Release|Any CPU
		{0810097E-182F-4484-9821-A04A3F734594}.Debug|Any CPU.ActiveCfg = Debug|Any CPU
		{0810097E-182F-4484-9821-A04A3F734594}.Debug|Any CPU.Build.0 = Debug|Any CPU
		{0810097E-182F-4484-9821-A04A3F734594}.Release|Any CPU.ActiveCfg = Release|Any CPU
		{0810097E-182F-4484-9821-A04A3F734594}.Release|Any CPU.Build.0 = Release|Any CPU
	EndGlobalSection
	GlobalSection(SolutionProperties) = preSolution
		HideSolutionNode = FALSE
	EndGlobalSection
	GlobalSection(ExtensibilityGlobals) = postSolution
		SolutionGuid = {0D6C6C81-7AEF-4245-AB8D-5C7326E6B67A}
	EndGlobalSection
EndGlobal
