
Microsoft Visual Studio Solution File, Format Version 12.00
# Visual Studio 15
VisualStudioVersion = 15.0.26730.12
MinimumVisualStudioVersion = 10.0.40219.1
Project("{FAE04EC0-301F-11D3-BF4B-00C04F79EFBC}") = "01.Phonebook", "01.Phonebook\01.Phonebook.csproj", "{5B81D3F7-3A19-4D36-9678-BFCB6F17A22D}"
EndProject
Project("{FAE04EC0-301F-11D3-BF4B-00C04F79EFBC}") = "02.Phonebook Upgrade", "02.Phonebook Upgrade\02.Phonebook Upgrade.csproj", "{F625D762-A155-40BC-AD14-D63DF0FF4B2B}"
EndProject
Project("{FAE04EC0-301F-11D3-BF4B-00C04F79EFBC}") = "03.A Miner Task", "03.A Miner Task\03.A Miner Task.csproj", "{1331BF3C-42F2-4478-88AF-44A7A8B9DB16}"
EndProject
Project("{FAE04EC0-301F-11D3-BF4B-00C04F79EFBC}") = "04.Fix Emails", "04.Fix Emails\04.Fix Emails.csproj", "{9552B7DC-D081-4DC7-A258-3F29D982D0B9}"
EndProject
Project("{FAE04EC0-301F-11D3-BF4B-00C04F79EFBC}") = "05.Hands of Cards", "05.Hands of Cards\05.Hands of Cards.csproj", "{613CF580-CC60-46DD-9CBC-595E23072C9F}"
EndProject
Project("{FAE04EC0-301F-11D3-BF4B-00C04F79EFBC}") = "06.User Logs", "06.User Logs\06.User Logs.csproj", "{B9994AC0-4094-42D9-9244-C761AF0AE5E7}"
EndProject
Project("{FAE04EC0-301F-11D3-BF4B-00C04F79EFBC}") = "07.Population Counter", "07.Population Counter\07.Population Counter.csproj", "{398E45DC-97DD-4DDA-8B48-3CB0C088F7FD}"
EndProject
Project("{FAE04EC0-301F-11D3-BF4B-00C04F79EFBC}") = "08.Logs Aggregator", "08.Logs Aggregator\08.Logs Aggregator.csproj", "{AFD7FD21-9DC4-4BD0-A6FF-B6A6553E2229}"
EndProject
Project("{FAE04EC0-301F-11D3-BF4B-00C04F79EFBC}") = "09.Legendary Farming", "09.Legendary Farming\09.Legendary Farming.csproj", "{BB2DF02F-BB7E-4587-B06D-E4F5ABA2DD81}"
EndProject
Project("{FAE04EC0-301F-11D3-BF4B-00C04F79EFBC}") = "10.Serbian Unleashed", "10.Serbian Unleashed\10.Serbian Unleashed.csproj", "{3D81B680-13C0-4C9B-A88D-D0B700259228}"
EndProject
Project("{FAE04EC0-301F-11D3-BF4B-00C04F79EFBC}") = "11.Dragon Army", "11.Dragon Army\11.Dragon Army.csproj", "{20481FCE-A08B-4B9F-B33E-7ABAC0953C49}"
EndProject
Project("{FAE04EC0-301F-11D3-BF4B-00C04F79EFBC}") = "11.Drago", "11.Drago\11.Drago.csproj", "{A695D96A-5634-461E-B397-681DCF396A00}"
EndProject
Global
	GlobalSection(SolutionConfigurationPlatforms) = preSolution
		Debug|Any CPU = Debug|Any CPU
		Release|Any CPU = Release|Any CPU
	EndGlobalSection
	GlobalSection(ProjectConfigurationPlatforms) = postSolution
		{5B81D3F7-3A19-4D36-9678-BFCB6F17A22D}.Debug|Any CPU.ActiveCfg = Debug|Any CPU
		{5B81D3F7-3A19-4D36-9678-BFCB6F17A22D}.Debug|Any CPU.Build.0 = Debug|Any CPU
		{5B81D3F7-3A19-4D36-9678-BFCB6F17A22D}.Release|Any CPU.ActiveCfg = Release|Any CPU
		{5B81D3F7-3A19-4D36-9678-BFCB6F17A22D}.Release|Any CPU.Build.0 = Release|Any CPU
		{F625D762-A155-40BC-AD14-D63DF0FF4B2B}.Debug|Any CPU.ActiveCfg = Debug|Any CPU
		{F625D762-A155-40BC-AD14-D63DF0FF4B2B}.Debug|Any CPU.Build.0 = Debug|Any CPU
		{F625D762-A155-40BC-AD14-D63DF0FF4B2B}.Release|Any CPU.ActiveCfg = Release|Any CPU
		{F625D762-A155-40BC-AD14-D63DF0FF4B2B}.Release|Any CPU.Build.0 = Release|Any CPU
		{1331BF3C-42F2-4478-88AF-44A7A8B9DB16}.Debug|Any CPU.ActiveCfg = Debug|Any CPU
		{1331BF3C-42F2-4478-88AF-44A7A8B9DB16}.Debug|Any CPU.Build.0 = Debug|Any CPU
		{1331BF3C-42F2-4478-88AF-44A7A8B9DB16}.Release|Any CPU.ActiveCfg = Release|Any CPU
		{1331BF3C-42F2-4478-88AF-44A7A8B9DB16}.Release|Any CPU.Build.0 = Release|Any CPU
		{9552B7DC-D081-4DC7-A258-3F29D982D0B9}.Debug|Any CPU.ActiveCfg = Debug|Any CPU
		{9552B7DC-D081-4DC7-A258-3F29D982D0B9}.Debug|Any CPU.Build.0 = Debug|Any CPU
		{9552B7DC-D081-4DC7-A258-3F29D982D0B9}.Release|Any CPU.ActiveCfg = Release|Any CPU
		{9552B7DC-D081-4DC7-A258-3F29D982D0B9}.Release|Any CPU.Build.0 = Release|Any CPU
		{613CF580-CC60-46DD-9CBC-595E23072C9F}.Debug|Any CPU.ActiveCfg = Debug|Any CPU
		{613CF580-CC60-46DD-9CBC-595E23072C9F}.Debug|Any CPU.Build.0 = Debug|Any CPU
		{613CF580-CC60-46DD-9CBC-595E23072C9F}.Release|Any CPU.ActiveCfg = Release|Any CPU
		{613CF580-CC60-46DD-9CBC-595E23072C9F}.Release|Any CPU.Build.0 = Release|Any CPU
		{B9994AC0-4094-42D9-9244-C761AF0AE5E7}.Debug|Any CPU.ActiveCfg = Debug|Any CPU
		{B9994AC0-4094-42D9-9244-C761AF0AE5E7}.Debug|Any CPU.Build.0 = Debug|Any CPU
		{B9994AC0-4094-42D9-9244-C761AF0AE5E7}.Release|Any CPU.ActiveCfg = Release|Any CPU
		{B9994AC0-4094-42D9-9244-C761AF0AE5E7}.Release|Any CPU.Build.0 = Release|Any CPU
		{398E45DC-97DD-4DDA-8B48-3CB0C088F7FD}.Debug|Any CPU.ActiveCfg = Debug|Any CPU
		{398E45DC-97DD-4DDA-8B48-3CB0C088F7FD}.Debug|Any CPU.Build.0 = Debug|Any CPU
		{398E45DC-97DD-4DDA-8B48-3CB0C088F7FD}.Release|Any CPU.ActiveCfg = Release|Any CPU
		{398E45DC-97DD-4DDA-8B48-3CB0C088F7FD}.Release|Any CPU.Build.0 = Release|Any CPU
		{AFD7FD21-9DC4-4BD0-A6FF-B6A6553E2229}.Debug|Any CPU.ActiveCfg = Debug|Any CPU
		{AFD7FD21-9DC4-4BD0-A6FF-B6A6553E2229}.Debug|Any CPU.Build.0 = Debug|Any CPU
		{AFD7FD21-9DC4-4BD0-A6FF-B6A6553E2229}.Release|Any CPU.ActiveCfg = Release|Any CPU
		{AFD7FD21-9DC4-4BD0-A6FF-B6A6553E2229}.Release|Any CPU.Build.0 = Release|Any CPU
		{BB2DF02F-BB7E-4587-B06D-E4F5ABA2DD81}.Debug|Any CPU.ActiveCfg = Debug|Any CPU
		{BB2DF02F-BB7E-4587-B06D-E4F5ABA2DD81}.Debug|Any CPU.Build.0 = Debug|Any CPU
		{BB2DF02F-BB7E-4587-B06D-E4F5ABA2DD81}.Release|Any CPU.ActiveCfg = Release|Any CPU
		{BB2DF02F-BB7E-4587-B06D-E4F5ABA2DD81}.Release|Any CPU.Build.0 = Release|Any CPU
		{3D81B680-13C0-4C9B-A88D-D0B700259228}.Debug|Any CPU.ActiveCfg = Debug|Any CPU
		{3D81B680-13C0-4C9B-A88D-D0B700259228}.Debug|Any CPU.Build.0 = Debug|Any CPU
		{3D81B680-13C0-4C9B-A88D-D0B700259228}.Release|Any CPU.ActiveCfg = Release|Any CPU
		{3D81B680-13C0-4C9B-A88D-D0B700259228}.Release|Any CPU.Build.0 = Release|Any CPU
		{20481FCE-A08B-4B9F-B33E-7ABAC0953C49}.Debug|Any CPU.ActiveCfg = Debug|Any CPU
		{20481FCE-A08B-4B9F-B33E-7ABAC0953C49}.Debug|Any CPU.Build.0 = Debug|Any CPU
		{20481FCE-A08B-4B9F-B33E-7ABAC0953C49}.Release|Any CPU.ActiveCfg = Release|Any CPU
		{20481FCE-A08B-4B9F-B33E-7ABAC0953C49}.Release|Any CPU.Build.0 = Release|Any CPU
		{A695D96A-5634-461E-B397-681DCF396A00}.Debug|Any CPU.ActiveCfg = Debug|Any CPU
		{A695D96A-5634-461E-B397-681DCF396A00}.Debug|Any CPU.Build.0 = Debug|Any CPU
		{A695D96A-5634-461E-B397-681DCF396A00}.Release|Any CPU.ActiveCfg = Release|Any CPU
		{A695D96A-5634-461E-B397-681DCF396A00}.Release|Any CPU.Build.0 = Release|Any CPU
	EndGlobalSection
	GlobalSection(SolutionProperties) = preSolution
		HideSolutionNode = FALSE
	EndGlobalSection
	GlobalSection(ExtensibilityGlobals) = postSolution
		SolutionGuid = {04EA5AC4-57E9-40B1-9121-4990DD3912AC}
	EndGlobalSection
EndGlobal
